
Microsoft Visual Studio Solution File, Format Version 12.00
# Visual Studio 14
VisualStudioVersion = 14.0.25420.1
MinimumVisualStudioVersion = 10.0.40219.1
Project("{FAE04EC0-301F-11D3-BF4B-00C04F79EFBC}") = "NaturalShift", "NaturalShift\NaturalShift.csproj", "{A1A3A006-F223-44AA-8A92-20DDB9093914}"
EndProject
Project("{FAE04EC0-301F-11D3-BF4B-00C04F79EFBC}") = "NaturalShift.UnitTests", "NaturalShift.UnitTests\NaturalShift.UnitTests.csproj", "{A6ACB5FC-1507-4563-BD21-04A142DDE65A}"
EndProject
Project("{FAE04EC0-301F-11D3-BF4B-00C04F79EFBC}") = "ProblemExamples", "ProblemExamples\ProblemExamples.csproj", "{A21D46E2-6341-4FFD-8A0E-EBF4E61883CA}"
EndProject
Project("{FAE04EC0-301F-11D3-BF4B-00C04F79EFBC}") = "NaturalShift.IntegrationTests", "NaturalShift.IntegrationTests\NaturalShift.IntegrationTests.csproj", "{4DE68520-27C7-4A0C-9419-D7EA9935E3AF}"
EndProject
Global
	GlobalSection(SolutionConfigurationPlatforms) = preSolution
		Debug|Any CPU = Debug|Any CPU
		Release|Any CPU = Release|Any CPU
	EndGlobalSection
	GlobalSection(ProjectConfigurationPlatforms) = postSolution
		{A1A3A006-F223-44AA-8A92-20DDB9093914}.Debug|Any CPU.ActiveCfg = Debug|Any CPU
		{A1A3A006-F223-44AA-8A92-20DDB9093914}.Debug|Any CPU.Build.0 = Debug|Any CPU
		{A1A3A006-F223-44AA-8A92-20DDB9093914}.Release|Any CPU.ActiveCfg = Release|Any CPU
		{A1A3A006-F223-44AA-8A92-20DDB9093914}.Release|Any CPU.Build.0 = Release|Any CPU
		{A6ACB5FC-1507-4563-BD21-04A142DDE65A}.Debug|Any CPU.ActiveCfg = Debug|Any CPU
		{A6ACB5FC-1507-4563-BD21-04A142DDE65A}.Debug|Any CPU.Build.0 = Debug|Any CPU
		{A6ACB5FC-1507-4563-BD21-04A142DDE65A}.Release|Any CPU.ActiveCfg = Release|Any CPU
		{A6ACB5FC-1507-4563-BD21-04A142DDE65A}.Release|Any CPU.Build.0 = Release|Any CPU
		{A21D46E2-6341-4FFD-8A0E-EBF4E61883CA}.Debug|Any CPU.ActiveCfg = Debug|Any CPU
		{A21D46E2-6341-4FFD-8A0E-EBF4E61883CA}.Debug|Any CPU.Build.0 = Debug|Any CPU
		{A21D46E2-6341-4FFD-8A0E-EBF4E61883CA}.Release|Any CPU.ActiveCfg = Release|Any CPU
		{A21D46E2-6341-4FFD-8A0E-EBF4E61883CA}.Release|Any CPU.Build.0 = Release|Any CPU
		{4DE68520-27C7-4A0C-9419-D7EA9935E3AF}.Debug|Any CPU.ActiveCfg = Debug|Any CPU
		{4DE68520-27C7-4A0C-9419-D7EA9935E3AF}.Debug|Any CPU.Build.0 = Debug|Any CPU
		{4DE68520-27C7-4A0C-9419-D7EA9935E3AF}.Release|Any CPU.ActiveCfg = Release|Any CPU
		{4DE68520-27C7-4A0C-9419-D7EA9935E3AF}.Release|Any CPU.Build.0 = Release|Any CPU
	EndGlobalSection
	GlobalSection(SolutionProperties) = preSolution
		HideSolutionNode = FALSE
	EndGlobalSection
EndGlobal
